
Microsoft Visual Studio Solution File, Format Version 12.00
# Visual Studio Version 16
VisualStudioVersion = 16.0.30907.101
MinimumVisualStudioVersion = 10.0.40219.1
Project("{FAE04EC0-301F-11D3-BF4B-00C04F79EFBC}") = "Conditional Statement ANieves", "Conditional Statement ANieves.csproj", "{5C1F1F99-AC27-42A8-9268-5F517CCB865A}"
EndProject
Global
	GlobalSection(SolutionConfigurationPlatforms) = preSolution
		Debug|Any CPU = Debug|Any CPU
		Release|Any CPU = Release|Any CPU
	EndGlobalSection
	GlobalSection(ProjectConfigurationPlatforms) = postSolution
		{5C1F1F99-AC27-42A8-9268-5F517CCB865A}.Debug|Any CPU.ActiveCfg = Debug|Any CPU
		{5C1F1F99-AC27-42A8-9268-5F517CCB865A}.Debug|Any CPU.Build.0 = Debug|Any CPU
		{5C1F1F99-AC27-42A8-9268-5F517CCB865A}.Release|Any CPU.ActiveCfg = Release|Any CPU
		{5C1F1F99-AC27-42A8-9268-5F517CCB865A}.Release|Any CPU.Build.0 = Release|Any CPU
	EndGlobalSection
	GlobalSection(SolutionProperties) = preSolution
		HideSolutionNode = FALSE
	EndGlobalSection
	GlobalSection(ExtensibilityGlobals) = postSolution
		SolutionGuid = {DF7F917A-62B7-4EC1-8768-BCE6A13CCDAA}
	EndGlobalSection
EndGlobal
